
Microsoft Visual Studio Solution File, Format Version 12.00
# Visual Studio Version 16
VisualStudioVersion = 16.0.31025.218
MinimumVisualStudioVersion = 10.0.40219.1
Project("{9A19103F-16F7-4668-BE54-9A1E7A4F7556}") = "Sharp10", "Sharp10\Sharp10.csproj", "{C9366793-C177-4FD6-B2C5-6E67955111F3}"
EndProject
Project("{9A19103F-16F7-4668-BE54-9A1E7A4F7556}") = "MultiApp", "MultiApp\MultiApp.csproj", "{11445CB1-F59E-4455-8F55-2383B1A0B766}"
EndProject
Project("{9A19103F-16F7-4668-BE54-9A1E7A4F7556}") = "ConstantInterpolatedStrings", "ConstantInterpolatedStrings\ConstantInterpolatedStrings.csproj", "{7296EDDE-1FD3-475B-9CFF-D7242516BA2A}"
EndProject
Project("{9A19103F-16F7-4668-BE54-9A1E7A4F7556}") = "Lib", "Lib\Lib.csproj", "{4DBC359F-5E44-41C8-9C5F-31399AB81AD2}"
EndProject
Project("{9A19103F-16F7-4668-BE54-9A1E7A4F7556}") = "Nuget", "Nuget\Nuget.csproj", "{FFADFBA7-4BE1-418F-9649-29C8B929E84C}"
EndProject
Project("{9A19103F-16F7-4668-BE54-9A1E7A4F7556}") = "Dll", "Dll\Dll.csproj", "{A781D971-DF29-412E-AE6D-8D93A6493695}"
EndProject
Project("{FAE04EC0-301F-11D3-BF4B-00C04F79EFBC}") = "Framework", "Framework\Framework.csproj", "{B2EC4485-E782-4E90-B3E4-BA1347B7CA33}"
EndProject
Project("{9A19103F-16F7-4668-BE54-9A1E7A4F7556}") = "Core", "Core\Core.csproj", "{27B8800D-535E-47FB-8AF4-604F68D029D9}"
EndProject
Project("{9A19103F-16F7-4668-BE54-9A1E7A4F7556}") = "MixedDeconstruction", "MixedDeconstruction\MixedDeconstruction.csproj", "{FCA7D818-54B2-4AC2-8B21-3EB3FE12E2FA}"
EndProject
Project("{9A19103F-16F7-4668-BE54-9A1E7A4F7556}") = "NotSharp10", "NotSharp10\NotSharp10.csproj", "{9D84FF39-6560-4B2B-B42F-F2DF55555307}"
EndProject
Project("{9A19103F-16F7-4668-BE54-9A1E7A4F7556}") = "FileScopedNamespace", "FileScopedNamespace\FileScopedNamespace.csproj", "{DCB93F49-C116-4595-BDE7-649BBE8D29C2}"
EndProject
Global
	GlobalSection(SolutionConfigurationPlatforms) = preSolution
		Debug|Any CPU = Debug|Any CPU
		Release|Any CPU = Release|Any CPU
	EndGlobalSection
	GlobalSection(ProjectConfigurationPlatforms) = postSolution
		{C9366793-C177-4FD6-B2C5-6E67955111F3}.Debug|Any CPU.ActiveCfg = Debug|Any CPU
		{C9366793-C177-4FD6-B2C5-6E67955111F3}.Debug|Any CPU.Build.0 = Debug|Any CPU
		{C9366793-C177-4FD6-B2C5-6E67955111F3}.Release|Any CPU.ActiveCfg = Release|Any CPU
		{C9366793-C177-4FD6-B2C5-6E67955111F3}.Release|Any CPU.Build.0 = Release|Any CPU
		{11445CB1-F59E-4455-8F55-2383B1A0B766}.Debug|Any CPU.ActiveCfg = Debug|Any CPU
		{11445CB1-F59E-4455-8F55-2383B1A0B766}.Debug|Any CPU.Build.0 = Debug|Any CPU
		{11445CB1-F59E-4455-8F55-2383B1A0B766}.Release|Any CPU.ActiveCfg = Release|Any CPU
		{11445CB1-F59E-4455-8F55-2383B1A0B766}.Release|Any CPU.Build.0 = Release|Any CPU
		{7296EDDE-1FD3-475B-9CFF-D7242516BA2A}.Debug|Any CPU.ActiveCfg = Debug|Any CPU
		{7296EDDE-1FD3-475B-9CFF-D7242516BA2A}.Debug|Any CPU.Build.0 = Debug|Any CPU
		{7296EDDE-1FD3-475B-9CFF-D7242516BA2A}.Release|Any CPU.ActiveCfg = Release|Any CPU
		{7296EDDE-1FD3-475B-9CFF-D7242516BA2A}.Release|Any CPU.Build.0 = Release|Any CPU
		{4DBC359F-5E44-41C8-9C5F-31399AB81AD2}.Debug|Any CPU.ActiveCfg = Debug|Any CPU
		{4DBC359F-5E44-41C8-9C5F-31399AB81AD2}.Debug|Any CPU.Build.0 = Debug|Any CPU
		{4DBC359F-5E44-41C8-9C5F-31399AB81AD2}.Release|Any CPU.ActiveCfg = Release|Any CPU
		{4DBC359F-5E44-41C8-9C5F-31399AB81AD2}.Release|Any CPU.Build.0 = Release|Any CPU
		{FFADFBA7-4BE1-418F-9649-29C8B929E84C}.Debug|Any CPU.ActiveCfg = Debug|Any CPU
		{FFADFBA7-4BE1-418F-9649-29C8B929E84C}.Debug|Any CPU.Build.0 = Debug|Any CPU
		{FFADFBA7-4BE1-418F-9649-29C8B929E84C}.Release|Any CPU.ActiveCfg = Release|Any CPU
		{FFADFBA7-4BE1-418F-9649-29C8B929E84C}.Release|Any CPU.Build.0 = Release|Any CPU
		{A781D971-DF29-412E-AE6D-8D93A6493695}.Debug|Any CPU.ActiveCfg = Debug|Any CPU
		{A781D971-DF29-412E-AE6D-8D93A6493695}.Debug|Any CPU.Build.0 = Debug|Any CPU
		{A781D971-DF29-412E-AE6D-8D93A6493695}.Release|Any CPU.ActiveCfg = Release|Any CPU
		{A781D971-DF29-412E-AE6D-8D93A6493695}.Release|Any CPU.Build.0 = Release|Any CPU
		{B2EC4485-E782-4E90-B3E4-BA1347B7CA33}.Debug|Any CPU.ActiveCfg = Debug|Any CPU
		{B2EC4485-E782-4E90-B3E4-BA1347B7CA33}.Debug|Any CPU.Build.0 = Debug|Any CPU
		{B2EC4485-E782-4E90-B3E4-BA1347B7CA33}.Release|Any CPU.ActiveCfg = Release|Any CPU
		{B2EC4485-E782-4E90-B3E4-BA1347B7CA33}.Release|Any CPU.Build.0 = Release|Any CPU
		{27B8800D-535E-47FB-8AF4-604F68D029D9}.Debug|Any CPU.ActiveCfg = Debug|Any CPU
		{27B8800D-535E-47FB-8AF4-604F68D029D9}.Debug|Any CPU.Build.0 = Debug|Any CPU
		{27B8800D-535E-47FB-8AF4-604F68D029D9}.Release|Any CPU.ActiveCfg = Release|Any CPU
		{27B8800D-535E-47FB-8AF4-604F68D029D9}.Release|Any CPU.Build.0 = Release|Any CPU
		{FCA7D818-54B2-4AC2-8B21-3EB3FE12E2FA}.Debug|Any CPU.ActiveCfg = Debug|Any CPU
		{FCA7D818-54B2-4AC2-8B21-3EB3FE12E2FA}.Debug|Any CPU.Build.0 = Debug|Any CPU
		{FCA7D818-54B2-4AC2-8B21-3EB3FE12E2FA}.Release|Any CPU.ActiveCfg = Release|Any CPU
		{FCA7D818-54B2-4AC2-8B21-3EB3FE12E2FA}.Release|Any CPU.Build.0 = Release|Any CPU
		{9D84FF39-6560-4B2B-B42F-F2DF55555307}.Debug|Any CPU.ActiveCfg = Debug|Any CPU
		{9D84FF39-6560-4B2B-B42F-F2DF55555307}.Debug|Any CPU.Build.0 = Debug|Any CPU
		{9D84FF39-6560-4B2B-B42F-F2DF55555307}.Release|Any CPU.ActiveCfg = Release|Any CPU
		{9D84FF39-6560-4B2B-B42F-F2DF55555307}.Release|Any CPU.Build.0 = Release|Any CPU
		{DCB93F49-C116-4595-BDE7-649BBE8D29C2}.Debug|Any CPU.ActiveCfg = Debug|Any CPU
		{DCB93F49-C116-4595-BDE7-649BBE8D29C2}.Debug|Any CPU.Build.0 = Debug|Any CPU
		{DCB93F49-C116-4595-BDE7-649BBE8D29C2}.Release|Any CPU.ActiveCfg = Release|Any CPU
		{DCB93F49-C116-4595-BDE7-649BBE8D29C2}.Release|Any CPU.Build.0 = Release|Any CPU
	EndGlobalSection
	GlobalSection(SolutionProperties) = preSolution
		HideSolutionNode = FALSE
	EndGlobalSection
	GlobalSection(ExtensibilityGlobals) = postSolution
		SolutionGuid = {74C4B08B-0D46-4C85-8C13-65CE0F4333AB}
	EndGlobalSection
EndGlobal
