
Microsoft Visual Studio Solution File, Format Version 12.00
# Visual Studio Version 17
VisualStudioVersion = 17.0.31612.314
MinimumVisualStudioVersion = 10.0.40219.1
Project("{9A19103F-16F7-4668-BE54-9A1E7A4F7556}") = "Sharp10_net6", "Sharp10\Sharp10_net6.csproj", "{C9366793-C177-4FD6-B2C5-6E67955111F3}"
EndProject
Project("{9A19103F-16F7-4668-BE54-9A1E7A4F7556}") = "MultiApp", "MultiApp\MultiApp.csproj", "{11445CB1-F59E-4455-8F55-2383B1A0B766}"
EndProject
Project("{9A19103F-16F7-4668-BE54-9A1E7A4F7556}") = "ConstantInterpolatedStrings", "ConstantInterpolatedStrings\ConstantInterpolatedStrings.csproj", "{7296EDDE-1FD3-475B-9CFF-D7242516BA2A}"
EndProject
Project("{9A19103F-16F7-4668-BE54-9A1E7A4F7556}") = "Lib", "Lib\Lib.csproj", "{4DBC359F-5E44-41C8-9C5F-31399AB81AD2}"
EndProject
Project("{9A19103F-16F7-4668-BE54-9A1E7A4F7556}") = "Nuget", "Nuget\Nuget.csproj", "{FFADFBA7-4BE1-418F-9649-29C8B929E84C}"
EndProject
Project("{9A19103F-16F7-4668-BE54-9A1E7A4F7556}") = "Dll", "Dll\Dll.csproj", "{A781D971-DF29-412E-AE6D-8D93A6493695}"
EndProject
Project("{FAE04EC0-301F-11D3-BF4B-00C04F79EFBC}") = "Framework", "Framework\Framework.csproj", "{B2EC4485-E782-4E90-B3E4-BA1347B7CA33}"
EndProject
Project("{9A19103F-16F7-4668-BE54-9A1E7A4F7556}") = "MixedDeconstruction", "MixedDeconstruction\MixedDeconstruction.csproj", "{FCA7D818-54B2-4AC2-8B21-3EB3FE12E2FA}"
EndProject
Project("{9A19103F-16F7-4668-BE54-9A1E7A4F7556}") = "NotSharp10", "NotSharp10\NotSharp10.csproj", "{9D84FF39-6560-4B2B-B42F-F2DF55555307}"
EndProject
Project("{9A19103F-16F7-4668-BE54-9A1E7A4F7556}") = "FileScopedNamespace", "FileScopedNamespace\FileScopedNamespace.csproj", "{DCB93F49-C116-4595-BDE7-649BBE8D29C2}"
EndProject
Project("{9A19103F-16F7-4668-BE54-9A1E7A4F7556}") = "MultiLib", "MultiLib\MultiLib.csproj", "{B3BBCB48-5AB0-4FA1-ADFF-E5AC98D3259C}"
EndProject
Project("{9A19103F-16F7-4668-BE54-9A1E7A4F7556}") = "UseMiltiLib_net5", "UseMiltiLib_net5\UseMiltiLib_net5.csproj", "{64C3D0DB-289D-4993-AFCA-3B95F8831CA6}"
EndProject
Project("{9A19103F-16F7-4668-BE54-9A1E7A4F7556}") = "UseMultiLib_net6", "UseMultiLib_net6\UseMultiLib_net6.csproj", "{9CE28846-3F10-4B5C-8ECA-F88EFD679E37}"
EndProject
Project("{9A19103F-16F7-4668-BE54-9A1E7A4F7556}") = "GlobalUsings", "GlobalUsings\GlobalUsings.csproj", "{FE1B926A-F0EB-42CB-A8CA-DE933786533A}"
EndProject
Project("{FAE04EC0-301F-11D3-BF4B-00C04F79EFBC}") = "GlobalUsings_Framework", "GlobalUsings_Framework\GlobalUsings_Framework.csproj", "{3A9C3696-EF99-449B-985C-6471D170BC9E}"
EndProject
Project("{9A19103F-16F7-4668-BE54-9A1E7A4F7556}") = "GlobalUsings_Multi_Console", "GlobalUsings_Multi_Console\GlobalUsings_Multi_Console.csproj", "{DA172CBA-CFDC-4718-BFE3-388253850BE9}"
EndProject
Project("{9A19103F-16F7-4668-BE54-9A1E7A4F7556}") = "GlobalUsing_ReferenceMe_Project", "GlobalUsing_ReferenceMe_Project\GlobalUsing_ReferenceMe_Project.csproj", "{3EBAE5EB-7BAA-4E80-B786-2140BA57F303}"
EndProject
Project("{9A19103F-16F7-4668-BE54-9A1E7A4F7556}") = "Dll2", "Dll2\Dll2.csproj", "{965C5F84-E838-487F-920A-71EA04AF9BE2}"
EndProject
Project("{9A19103F-16F7-4668-BE54-9A1E7A4F7556}") = "GlobalUsings_net6", "GlobalUsings_Clean\GlobalUsings_net6.csproj", "{643BCC2E-2908-4115-9498-56A24272894C}"
EndProject
Project("{9A19103F-16F7-4668-BE54-9A1E7A4F7556}") = "GlobalUsing_ReferenceMe_Project2", "GlobalUsing_ReferenceMe_Project2\GlobalUsing_ReferenceMe_Project2.csproj", "{920C1DC6-B5FA-4CB3-8099-EC68EE7B6BF6}"
EndProject
Project("{FAE04EC0-301F-11D3-BF4B-00C04F79EFBC}") = "GlobalUsings_Framework_Lib", "GlobalUsings_Framework_Lib\GlobalUsings_Framework_Lib.csproj", "{E574ADFC-9576-4252-985A-15DEBCCC52D0}"
EndProject
Project("{9A19103F-16F7-4668-BE54-9A1E7A4F7556}") = "GlobalUsings_use_Dll_Dll2", "UseDll_Dll2\GlobalUsings_use_Dll_Dll2.csproj", "{4DB04FB2-6223-44EA-8605-B785F3C95C0E}"
EndProject
Project("{2150E333-8FDC-42A3-9474-1A3956D46DE8}") = "Referenced", "Referenced", "{A57553CC-27A5-4997-876B-D948424C52EA}"
EndProject
Project("{2150E333-8FDC-42A3-9474-1A3956D46DE8}") = "GlobalUsings", "GlobalUsings", "{4E614646-7E06-4F56-9C0B-F1E63509E701}"
EndProject
Project("{2150E333-8FDC-42A3-9474-1A3956D46DE8}") = "Tested", "Tested", "{3408A8DA-40A4-41B4-BB9D-313F5E048A4D}"
EndProject
Project("{2150E333-8FDC-42A3-9474-1A3956D46DE8}") = "Playground", "Playground", "{4F295CE3-7FBE-489D-8DBE-E1D3F8C52CB4}"
EndProject
Project("{FAE04EC0-301F-11D3-BF4B-00C04F79EFBC}") = "SealedRecordToString", "SealedRecordToString\SealedRecordToString.csproj", "{DB2688D9-0C9E-4C0B-9F48-43C77D246326}"
EndProject
Global
	GlobalSection(SolutionConfigurationPlatforms) = preSolution
		Debug|Any CPU = Debug|Any CPU
		Release|Any CPU = Release|Any CPU
	EndGlobalSection
	GlobalSection(ProjectConfigurationPlatforms) = postSolution
		{C9366793-C177-4FD6-B2C5-6E67955111F3}.Debug|Any CPU.ActiveCfg = Debug|Any CPU
		{C9366793-C177-4FD6-B2C5-6E67955111F3}.Debug|Any CPU.Build.0 = Debug|Any CPU
		{C9366793-C177-4FD6-B2C5-6E67955111F3}.Release|Any CPU.ActiveCfg = Release|Any CPU
		{C9366793-C177-4FD6-B2C5-6E67955111F3}.Release|Any CPU.Build.0 = Release|Any CPU
		{11445CB1-F59E-4455-8F55-2383B1A0B766}.Debug|Any CPU.ActiveCfg = Debug|Any CPU
		{11445CB1-F59E-4455-8F55-2383B1A0B766}.Debug|Any CPU.Build.0 = Debug|Any CPU
		{11445CB1-F59E-4455-8F55-2383B1A0B766}.Release|Any CPU.ActiveCfg = Release|Any CPU
		{11445CB1-F59E-4455-8F55-2383B1A0B766}.Release|Any CPU.Build.0 = Release|Any CPU
		{7296EDDE-1FD3-475B-9CFF-D7242516BA2A}.Debug|Any CPU.ActiveCfg = Debug|Any CPU
		{7296EDDE-1FD3-475B-9CFF-D7242516BA2A}.Debug|Any CPU.Build.0 = Debug|Any CPU
		{7296EDDE-1FD3-475B-9CFF-D7242516BA2A}.Release|Any CPU.ActiveCfg = Release|Any CPU
		{7296EDDE-1FD3-475B-9CFF-D7242516BA2A}.Release|Any CPU.Build.0 = Release|Any CPU
		{4DBC359F-5E44-41C8-9C5F-31399AB81AD2}.Debug|Any CPU.ActiveCfg = Debug|Any CPU
		{4DBC359F-5E44-41C8-9C5F-31399AB81AD2}.Debug|Any CPU.Build.0 = Debug|Any CPU
		{4DBC359F-5E44-41C8-9C5F-31399AB81AD2}.Release|Any CPU.ActiveCfg = Release|Any CPU
		{4DBC359F-5E44-41C8-9C5F-31399AB81AD2}.Release|Any CPU.Build.0 = Release|Any CPU
		{FFADFBA7-4BE1-418F-9649-29C8B929E84C}.Debug|Any CPU.ActiveCfg = Debug|Any CPU
		{FFADFBA7-4BE1-418F-9649-29C8B929E84C}.Debug|Any CPU.Build.0 = Debug|Any CPU
		{FFADFBA7-4BE1-418F-9649-29C8B929E84C}.Release|Any CPU.ActiveCfg = Release|Any CPU
		{FFADFBA7-4BE1-418F-9649-29C8B929E84C}.Release|Any CPU.Build.0 = Release|Any CPU
		{A781D971-DF29-412E-AE6D-8D93A6493695}.Debug|Any CPU.ActiveCfg = Debug|Any CPU
		{A781D971-DF29-412E-AE6D-8D93A6493695}.Debug|Any CPU.Build.0 = Debug|Any CPU
		{A781D971-DF29-412E-AE6D-8D93A6493695}.Release|Any CPU.ActiveCfg = Release|Any CPU
		{A781D971-DF29-412E-AE6D-8D93A6493695}.Release|Any CPU.Build.0 = Release|Any CPU
		{B2EC4485-E782-4E90-B3E4-BA1347B7CA33}.Debug|Any CPU.ActiveCfg = Debug|Any CPU
		{B2EC4485-E782-4E90-B3E4-BA1347B7CA33}.Debug|Any CPU.Build.0 = Debug|Any CPU
		{B2EC4485-E782-4E90-B3E4-BA1347B7CA33}.Release|Any CPU.ActiveCfg = Release|Any CPU
		{B2EC4485-E782-4E90-B3E4-BA1347B7CA33}.Release|Any CPU.Build.0 = Release|Any CPU
		{FCA7D818-54B2-4AC2-8B21-3EB3FE12E2FA}.Debug|Any CPU.ActiveCfg = Debug|Any CPU
		{FCA7D818-54B2-4AC2-8B21-3EB3FE12E2FA}.Debug|Any CPU.Build.0 = Debug|Any CPU
		{FCA7D818-54B2-4AC2-8B21-3EB3FE12E2FA}.Release|Any CPU.ActiveCfg = Release|Any CPU
		{FCA7D818-54B2-4AC2-8B21-3EB3FE12E2FA}.Release|Any CPU.Build.0 = Release|Any CPU
		{9D84FF39-6560-4B2B-B42F-F2DF55555307}.Debug|Any CPU.ActiveCfg = Debug|Any CPU
		{9D84FF39-6560-4B2B-B42F-F2DF55555307}.Debug|Any CPU.Build.0 = Debug|Any CPU
		{9D84FF39-6560-4B2B-B42F-F2DF55555307}.Release|Any CPU.ActiveCfg = Release|Any CPU
		{9D84FF39-6560-4B2B-B42F-F2DF55555307}.Release|Any CPU.Build.0 = Release|Any CPU
		{DCB93F49-C116-4595-BDE7-649BBE8D29C2}.Debug|Any CPU.ActiveCfg = Debug|Any CPU
		{DCB93F49-C116-4595-BDE7-649BBE8D29C2}.Debug|Any CPU.Build.0 = Debug|Any CPU
		{DCB93F49-C116-4595-BDE7-649BBE8D29C2}.Release|Any CPU.ActiveCfg = Release|Any CPU
		{DCB93F49-C116-4595-BDE7-649BBE8D29C2}.Release|Any CPU.Build.0 = Release|Any CPU
		{B3BBCB48-5AB0-4FA1-ADFF-E5AC98D3259C}.Debug|Any CPU.ActiveCfg = Debug|Any CPU
		{B3BBCB48-5AB0-4FA1-ADFF-E5AC98D3259C}.Debug|Any CPU.Build.0 = Debug|Any CPU
		{B3BBCB48-5AB0-4FA1-ADFF-E5AC98D3259C}.Release|Any CPU.ActiveCfg = Release|Any CPU
		{B3BBCB48-5AB0-4FA1-ADFF-E5AC98D3259C}.Release|Any CPU.Build.0 = Release|Any CPU
		{64C3D0DB-289D-4993-AFCA-3B95F8831CA6}.Debug|Any CPU.ActiveCfg = Debug|Any CPU
		{64C3D0DB-289D-4993-AFCA-3B95F8831CA6}.Debug|Any CPU.Build.0 = Debug|Any CPU
		{64C3D0DB-289D-4993-AFCA-3B95F8831CA6}.Release|Any CPU.ActiveCfg = Release|Any CPU
		{64C3D0DB-289D-4993-AFCA-3B95F8831CA6}.Release|Any CPU.Build.0 = Release|Any CPU
		{9CE28846-3F10-4B5C-8ECA-F88EFD679E37}.Debug|Any CPU.ActiveCfg = Debug|Any CPU
		{9CE28846-3F10-4B5C-8ECA-F88EFD679E37}.Debug|Any CPU.Build.0 = Debug|Any CPU
		{9CE28846-3F10-4B5C-8ECA-F88EFD679E37}.Release|Any CPU.ActiveCfg = Release|Any CPU
		{9CE28846-3F10-4B5C-8ECA-F88EFD679E37}.Release|Any CPU.Build.0 = Release|Any CPU
		{FE1B926A-F0EB-42CB-A8CA-DE933786533A}.Debug|Any CPU.ActiveCfg = Debug|Any CPU
		{FE1B926A-F0EB-42CB-A8CA-DE933786533A}.Debug|Any CPU.Build.0 = Debug|Any CPU
		{FE1B926A-F0EB-42CB-A8CA-DE933786533A}.Release|Any CPU.ActiveCfg = Release|Any CPU
		{FE1B926A-F0EB-42CB-A8CA-DE933786533A}.Release|Any CPU.Build.0 = Release|Any CPU
		{3A9C3696-EF99-449B-985C-6471D170BC9E}.Debug|Any CPU.ActiveCfg = Debug|Any CPU
		{3A9C3696-EF99-449B-985C-6471D170BC9E}.Debug|Any CPU.Build.0 = Debug|Any CPU
		{3A9C3696-EF99-449B-985C-6471D170BC9E}.Release|Any CPU.ActiveCfg = Release|Any CPU
		{3A9C3696-EF99-449B-985C-6471D170BC9E}.Release|Any CPU.Build.0 = Release|Any CPU
		{DA172CBA-CFDC-4718-BFE3-388253850BE9}.Debug|Any CPU.ActiveCfg = Debug|Any CPU
		{DA172CBA-CFDC-4718-BFE3-388253850BE9}.Debug|Any CPU.Build.0 = Debug|Any CPU
		{DA172CBA-CFDC-4718-BFE3-388253850BE9}.Release|Any CPU.ActiveCfg = Release|Any CPU
		{DA172CBA-CFDC-4718-BFE3-388253850BE9}.Release|Any CPU.Build.0 = Release|Any CPU
		{3EBAE5EB-7BAA-4E80-B786-2140BA57F303}.Debug|Any CPU.ActiveCfg = Debug|Any CPU
		{3EBAE5EB-7BAA-4E80-B786-2140BA57F303}.Debug|Any CPU.Build.0 = Debug|Any CPU
		{3EBAE5EB-7BAA-4E80-B786-2140BA57F303}.Release|Any CPU.ActiveCfg = Release|Any CPU
		{3EBAE5EB-7BAA-4E80-B786-2140BA57F303}.Release|Any CPU.Build.0 = Release|Any CPU
		{965C5F84-E838-487F-920A-71EA04AF9BE2}.Debug|Any CPU.ActiveCfg = Debug|Any CPU
		{965C5F84-E838-487F-920A-71EA04AF9BE2}.Debug|Any CPU.Build.0 = Debug|Any CPU
		{965C5F84-E838-487F-920A-71EA04AF9BE2}.Release|Any CPU.ActiveCfg = Release|Any CPU
		{965C5F84-E838-487F-920A-71EA04AF9BE2}.Release|Any CPU.Build.0 = Release|Any CPU
		{643BCC2E-2908-4115-9498-56A24272894C}.Debug|Any CPU.ActiveCfg = Debug|Any CPU
		{643BCC2E-2908-4115-9498-56A24272894C}.Debug|Any CPU.Build.0 = Debug|Any CPU
		{643BCC2E-2908-4115-9498-56A24272894C}.Release|Any CPU.ActiveCfg = Release|Any CPU
		{643BCC2E-2908-4115-9498-56A24272894C}.Release|Any CPU.Build.0 = Release|Any CPU
		{920C1DC6-B5FA-4CB3-8099-EC68EE7B6BF6}.Debug|Any CPU.ActiveCfg = Debug|Any CPU
		{920C1DC6-B5FA-4CB3-8099-EC68EE7B6BF6}.Debug|Any CPU.Build.0 = Debug|Any CPU
		{920C1DC6-B5FA-4CB3-8099-EC68EE7B6BF6}.Release|Any CPU.ActiveCfg = Release|Any CPU
		{920C1DC6-B5FA-4CB3-8099-EC68EE7B6BF6}.Release|Any CPU.Build.0 = Release|Any CPU
		{E574ADFC-9576-4252-985A-15DEBCCC52D0}.Debug|Any CPU.ActiveCfg = Debug|Any CPU
		{E574ADFC-9576-4252-985A-15DEBCCC52D0}.Debug|Any CPU.Build.0 = Debug|Any CPU
		{E574ADFC-9576-4252-985A-15DEBCCC52D0}.Release|Any CPU.ActiveCfg = Release|Any CPU
		{E574ADFC-9576-4252-985A-15DEBCCC52D0}.Release|Any CPU.Build.0 = Release|Any CPU
		{4DB04FB2-6223-44EA-8605-B785F3C95C0E}.Debug|Any CPU.ActiveCfg = Debug|Any CPU
		{4DB04FB2-6223-44EA-8605-B785F3C95C0E}.Debug|Any CPU.Build.0 = Debug|Any CPU
		{4DB04FB2-6223-44EA-8605-B785F3C95C0E}.Release|Any CPU.ActiveCfg = Release|Any CPU
		{4DB04FB2-6223-44EA-8605-B785F3C95C0E}.Release|Any CPU.Build.0 = Release|Any CPU
		{DB2688D9-0C9E-4C0B-9F48-43C77D246326}.Debug|Any CPU.ActiveCfg = Debug|Any CPU
		{DB2688D9-0C9E-4C0B-9F48-43C77D246326}.Debug|Any CPU.Build.0 = Debug|Any CPU
		{DB2688D9-0C9E-4C0B-9F48-43C77D246326}.Release|Any CPU.ActiveCfg = Release|Any CPU
		{DB2688D9-0C9E-4C0B-9F48-43C77D246326}.Release|Any CPU.Build.0 = Release|Any CPU
	EndGlobalSection
	GlobalSection(SolutionProperties) = preSolution
		HideSolutionNode = FALSE
	EndGlobalSection
	GlobalSection(NestedProjects) = preSolution
		{7296EDDE-1FD3-475B-9CFF-D7242516BA2A} = {3408A8DA-40A4-41B4-BB9D-313F5E048A4D}
		{4DBC359F-5E44-41C8-9C5F-31399AB81AD2} = {A57553CC-27A5-4997-876B-D948424C52EA}
		{FFADFBA7-4BE1-418F-9649-29C8B929E84C} = {A57553CC-27A5-4997-876B-D948424C52EA}
		{A781D971-DF29-412E-AE6D-8D93A6493695} = {A57553CC-27A5-4997-876B-D948424C52EA}
		{FCA7D818-54B2-4AC2-8B21-3EB3FE12E2FA} = {3408A8DA-40A4-41B4-BB9D-313F5E048A4D}
		{DCB93F49-C116-4595-BDE7-649BBE8D29C2} = {3408A8DA-40A4-41B4-BB9D-313F5E048A4D}
		{B3BBCB48-5AB0-4FA1-ADFF-E5AC98D3259C} = {A57553CC-27A5-4997-876B-D948424C52EA}
		{64C3D0DB-289D-4993-AFCA-3B95F8831CA6} = {4F295CE3-7FBE-489D-8DBE-E1D3F8C52CB4}
		{9CE28846-3F10-4B5C-8ECA-F88EFD679E37} = {4F295CE3-7FBE-489D-8DBE-E1D3F8C52CB4}
		{FE1B926A-F0EB-42CB-A8CA-DE933786533A} = {4E614646-7E06-4F56-9C0B-F1E63509E701}
		{3A9C3696-EF99-449B-985C-6471D170BC9E} = {4E614646-7E06-4F56-9C0B-F1E63509E701}
		{DA172CBA-CFDC-4718-BFE3-388253850BE9} = {4E614646-7E06-4F56-9C0B-F1E63509E701}
		{3EBAE5EB-7BAA-4E80-B786-2140BA57F303} = {A57553CC-27A5-4997-876B-D948424C52EA}
		{965C5F84-E838-487F-920A-71EA04AF9BE2} = {A57553CC-27A5-4997-876B-D948424C52EA}
		{643BCC2E-2908-4115-9498-56A24272894C} = {4E614646-7E06-4F56-9C0B-F1E63509E701}
		{920C1DC6-B5FA-4CB3-8099-EC68EE7B6BF6} = {A57553CC-27A5-4997-876B-D948424C52EA}
		{E574ADFC-9576-4252-985A-15DEBCCC52D0} = {A57553CC-27A5-4997-876B-D948424C52EA}
		{4DB04FB2-6223-44EA-8605-B785F3C95C0E} = {4E614646-7E06-4F56-9C0B-F1E63509E701}
		{DB2688D9-0C9E-4C0B-9F48-43C77D246326} = {3408A8DA-40A4-41B4-BB9D-313F5E048A4D}
	EndGlobalSection
	GlobalSection(ExtensibilityGlobals) = postSolution
		SolutionGuid = {74C4B08B-0D46-4C85-8C13-65CE0F4333AB}
	EndGlobalSection
EndGlobal
