
Microsoft Visual Studio Solution File, Format Version 12.00
# Visual Studio Version 16
VisualStudioVersion = 16.0.31025.218
MinimumVisualStudioVersion = 10.0.40219.1
Project("{9A19103F-16F7-4668-BE54-9A1E7A4F7556}") = "Sharp10", "Sharp10\Sharp10.csproj", "{C9366793-C177-4FD6-B2C5-6E67955111F3}"
EndProject
Project("{FAE04EC0-301F-11D3-BF4B-00C04F79EFBC}") = "MultiApp", "MultiApp\MultiApp.csproj", "{11445CB1-F59E-4455-8F55-2383B1A0B766}"
EndProject
Global
	GlobalSection(SolutionConfigurationPlatforms) = preSolution
		Debug|Any CPU = Debug|Any CPU
		Release|Any CPU = Release|Any CPU
	EndGlobalSection
	GlobalSection(ProjectConfigurationPlatforms) = postSolution
		{C9366793-C177-4FD6-B2C5-6E67955111F3}.Debug|Any CPU.ActiveCfg = Debug|Any CPU
		{C9366793-C177-4FD6-B2C5-6E67955111F3}.Debug|Any CPU.Build.0 = Debug|Any CPU
		{C9366793-C177-4FD6-B2C5-6E67955111F3}.Release|Any CPU.ActiveCfg = Release|Any CPU
		{C9366793-C177-4FD6-B2C5-6E67955111F3}.Release|Any CPU.Build.0 = Release|Any CPU
		{11445CB1-F59E-4455-8F55-2383B1A0B766}.Debug|Any CPU.ActiveCfg = Debug|Any CPU
		{11445CB1-F59E-4455-8F55-2383B1A0B766}.Debug|Any CPU.Build.0 = Debug|Any CPU
		{11445CB1-F59E-4455-8F55-2383B1A0B766}.Release|Any CPU.ActiveCfg = Release|Any CPU
		{11445CB1-F59E-4455-8F55-2383B1A0B766}.Release|Any CPU.Build.0 = Release|Any CPU
	EndGlobalSection
	GlobalSection(SolutionProperties) = preSolution
		HideSolutionNode = FALSE
	EndGlobalSection
	GlobalSection(ExtensibilityGlobals) = postSolution
		SolutionGuid = {74C4B08B-0D46-4C85-8C13-65CE0F4333AB}
	EndGlobalSection
EndGlobal
